
Microsoft Visual Studio Solution File, Format Version 12.00
# Visual Studio Version 17
VisualStudioVersion = 17.0.31903.59
MinimumVisualStudioVersion = 10.0.40219.1
Project("{2150E333-8FDC-42A3-9474-1A3956D46DE8}") = "src", "src", "{827E0CD3-B72D-47B6-A68D-7590B98EB39B}"
EndProject
Project("{2150E333-8FDC-42A3-9474-1A3956D46DE8}") = "ExpTrack.Infra", "ExpTrack.Infra", "{7EE1DD5C-ECF0-4640-772B-BF72C29387CB}"
EndProject
Project("{FAE04EC0-301F-11D3-BF4B-00C04F79EFBC}") = "DbAccess", "src\ExpTrack.Infra\DbAccess\DbAccess.csproj", "{B71E9553-745B-42EA-BA3E-C7FB1F9C334E}"
EndProject
Project("{FAE04EC0-301F-11D3-BF4B-00C04F79EFBC}") = "EfCore", "src\ExpTrack.Infra\EfCore\EfCore.csproj", "{4E0D49EE-8124-4BF5-81CE-BB61B8D07742}"
EndProject
Project("{2150E333-8FDC-42A3-9474-1A3956D46DE8}") = "ExpTrack.AppLogic", "ExpTrack.AppLogic", "{64EF80B3-928F-5935-CE3A-DFF270301928}"
EndProject
Project("{FAE04EC0-301F-11D3-BF4B-00C04F79EFBC}") = "AppBal", "src\ExpTrack.AppLogic\AppBal\AppBal.csproj", "{B9B2C7BD-7B1A-4F63-99B8-095F67434C45}"
EndProject
Project("{FAE04EC0-301F-11D3-BF4B-00C04F79EFBC}") = "AppModels", "src\ExpTrack.AppLogic\AppModels\AppModels.csproj", "{58C2332E-77B5-4B33-98E4-7E9A6C093D5F}"
EndProject
Project("{2150E333-8FDC-42A3-9474-1A3956D46DE8}") = "ExpTrack.Tests", "ExpTrack.Tests", "{078EBE53-9E58-2DF0-511B-443DB063A14D}"
EndProject
Project("{FAE04EC0-301F-11D3-BF4B-00C04F79EFBC}") = "ExpTrack.Tests", "src\ExpTrack.Tests\ExpTrack.Tests\ExpTrack.Tests.csproj", "{63AC6F19-756D-41F6-A583-87E5BB700FC0}"
EndProject
Project("{2150E333-8FDC-42A3-9474-1A3956D46DE8}") = "ExpTrack.Services", "ExpTrack.Services", "{62CA8DE8-63C1-8D06-2F20-4CD2960AFECF}"
EndProject
Global
	GlobalSection(SolutionConfigurationPlatforms) = preSolution
		Debug|Any CPU = Debug|Any CPU
		Debug|x64 = Debug|x64
		Debug|x86 = Debug|x86
		Release|Any CPU = Release|Any CPU
		Release|x64 = Release|x64
		Release|x86 = Release|x86
	EndGlobalSection
	GlobalSection(ProjectConfigurationPlatforms) = postSolution
		{B71E9553-745B-42EA-BA3E-C7FB1F9C334E}.Debug|Any CPU.ActiveCfg = Debug|Any CPU
		{B71E9553-745B-42EA-BA3E-C7FB1F9C334E}.Debug|Any CPU.Build.0 = Debug|Any CPU
		{B71E9553-745B-42EA-BA3E-C7FB1F9C334E}.Debug|x64.ActiveCfg = Debug|Any CPU
		{B71E9553-745B-42EA-BA3E-C7FB1F9C334E}.Debug|x64.Build.0 = Debug|Any CPU
		{B71E9553-745B-42EA-BA3E-C7FB1F9C334E}.Debug|x86.ActiveCfg = Debug|Any CPU
		{B71E9553-745B-42EA-BA3E-C7FB1F9C334E}.Debug|x86.Build.0 = Debug|Any CPU
		{B71E9553-745B-42EA-BA3E-C7FB1F9C334E}.Release|Any CPU.ActiveCfg = Release|Any CPU
		{B71E9553-745B-42EA-BA3E-C7FB1F9C334E}.Release|Any CPU.Build.0 = Release|Any CPU
		{B71E9553-745B-42EA-BA3E-C7FB1F9C334E}.Release|x64.ActiveCfg = Release|Any CPU
		{B71E9553-745B-42EA-BA3E-C7FB1F9C334E}.Release|x64.Build.0 = Release|Any CPU
		{B71E9553-745B-42EA-BA3E-C7FB1F9C334E}.Release|x86.ActiveCfg = Release|Any CPU
		{B71E9553-745B-42EA-BA3E-C7FB1F9C334E}.Release|x86.Build.0 = Release|Any CPU
		{4E0D49EE-8124-4BF5-81CE-BB61B8D07742}.Debug|Any CPU.ActiveCfg = Debug|Any CPU
		{4E0D49EE-8124-4BF5-81CE-BB61B8D07742}.Debug|Any CPU.Build.0 = Debug|Any CPU
		{4E0D49EE-8124-4BF5-81CE-BB61B8D07742}.Debug|x64.ActiveCfg = Debug|Any CPU
		{4E0D49EE-8124-4BF5-81CE-BB61B8D07742}.Debug|x64.Build.0 = Debug|Any CPU
		{4E0D49EE-8124-4BF5-81CE-BB61B8D07742}.Debug|x86.ActiveCfg = Debug|Any CPU
		{4E0D49EE-8124-4BF5-81CE-BB61B8D07742}.Debug|x86.Build.0 = Debug|Any CPU
		{4E0D49EE-8124-4BF5-81CE-BB61B8D07742}.Release|Any CPU.ActiveCfg = Release|Any CPU
		{4E0D49EE-8124-4BF5-81CE-BB61B8D07742}.Release|Any CPU.Build.0 = Release|Any CPU
		{4E0D49EE-8124-4BF5-81CE-BB61B8D07742}.Release|x64.ActiveCfg = Release|Any CPU
		{4E0D49EE-8124-4BF5-81CE-BB61B8D07742}.Release|x64.Build.0 = Release|Any CPU
		{4E0D49EE-8124-4BF5-81CE-BB61B8D07742}.Release|x86.ActiveCfg = Release|Any CPU
		{4E0D49EE-8124-4BF5-81CE-BB61B8D07742}.Release|x86.Build.0 = Release|Any CPU
		{B9B2C7BD-7B1A-4F63-99B8-095F67434C45}.Debug|Any CPU.ActiveCfg = Debug|Any CPU
		{B9B2C7BD-7B1A-4F63-99B8-095F67434C45}.Debug|Any CPU.Build.0 = Debug|Any CPU
		{B9B2C7BD-7B1A-4F63-99B8-095F67434C45}.Debug|x64.ActiveCfg = Debug|Any CPU
		{B9B2C7BD-7B1A-4F63-99B8-095F67434C45}.Debug|x64.Build.0 = Debug|Any CPU
		{B9B2C7BD-7B1A-4F63-99B8-095F67434C45}.Debug|x86.ActiveCfg = Debug|Any CPU
		{B9B2C7BD-7B1A-4F63-99B8-095F67434C45}.Debug|x86.Build.0 = Debug|Any CPU
		{B9B2C7BD-7B1A-4F63-99B8-095F67434C45}.Release|Any CPU.ActiveCfg = Release|Any CPU
		{B9B2C7BD-7B1A-4F63-99B8-095F67434C45}.Release|Any CPU.Build.0 = Release|Any CPU
		{B9B2C7BD-7B1A-4F63-99B8-095F67434C45}.Release|x64.ActiveCfg = Release|Any CPU
		{B9B2C7BD-7B1A-4F63-99B8-095F67434C45}.Release|x64.Build.0 = Release|Any CPU
		{B9B2C7BD-7B1A-4F63-99B8-095F67434C45}.Release|x86.ActiveCfg = Release|Any CPU
		{B9B2C7BD-7B1A-4F63-99B8-095F67434C45}.Release|x86.Build.0 = Release|Any CPU
		{58C2332E-77B5-4B33-98E4-7E9A6C093D5F}.Debug|Any CPU.ActiveCfg = Debug|Any CPU
		{58C2332E-77B5-4B33-98E4-7E9A6C093D5F}.Debug|Any CPU.Build.0 = Debug|Any CPU
		{58C2332E-77B5-4B33-98E4-7E9A6C093D5F}.Debug|x64.ActiveCfg = Debug|Any CPU
		{58C2332E-77B5-4B33-98E4-7E9A6C093D5F}.Debug|x64.Build.0 = Debug|Any CPU
		{58C2332E-77B5-4B33-98E4-7E9A6C093D5F}.Debug|x86.ActiveCfg = Debug|Any CPU
		{58C2332E-77B5-4B33-98E4-7E9A6C093D5F}.Debug|x86.Build.0 = Debug|Any CPU
		{58C2332E-77B5-4B33-98E4-7E9A6C093D5F}.Release|Any CPU.ActiveCfg = Release|Any CPU
		{58C2332E-77B5-4B33-98E4-7E9A6C093D5F}.Release|Any CPU.Build.0 = Release|Any CPU
		{58C2332E-77B5-4B33-98E4-7E9A6C093D5F}.Release|x64.ActiveCfg = Release|Any CPU
		{58C2332E-77B5-4B33-98E4-7E9A6C093D5F}.Release|x64.Build.0 = Release|Any CPU
		{58C2332E-77B5-4B33-98E4-7E9A6C093D5F}.Release|x86.ActiveCfg = Release|Any CPU
		{58C2332E-77B5-4B33-98E4-7E9A6C093D5F}.Release|x86.Build.0 = Release|Any CPU
		{63AC6F19-756D-41F6-A583-87E5BB700FC0}.Debug|Any CPU.ActiveCfg = Debug|Any CPU
		{63AC6F19-756D-41F6-A583-87E5BB700FC0}.Debug|Any CPU.Build.0 = Debug|Any CPU
		{63AC6F19-756D-41F6-A583-87E5BB700FC0}.Debug|x64.ActiveCfg = Debug|Any CPU
		{63AC6F19-756D-41F6-A583-87E5BB700FC0}.Debug|x64.Build.0 = Debug|Any CPU
		{63AC6F19-756D-41F6-A583-87E5BB700FC0}.Debug|x86.ActiveCfg = Debug|Any CPU
		{63AC6F19-756D-41F6-A583-87E5BB700FC0}.Debug|x86.Build.0 = Debug|Any CPU
		{63AC6F19-756D-41F6-A583-87E5BB700FC0}.Release|Any CPU.ActiveCfg = Release|Any CPU
		{63AC6F19-756D-41F6-A583-87E5BB700FC0}.Release|Any CPU.Build.0 = Release|Any CPU
		{63AC6F19-756D-41F6-A583-87E5BB700FC0}.Release|x64.ActiveCfg = Release|Any CPU
		{63AC6F19-756D-41F6-A583-87E5BB700FC0}.Release|x64.Build.0 = Release|Any CPU
		{63AC6F19-756D-41F6-A583-87E5BB700FC0}.Release|x86.ActiveCfg = Release|Any CPU
		{63AC6F19-756D-41F6-A583-87E5BB700FC0}.Release|x86.Build.0 = Release|Any CPU
	EndGlobalSection
	GlobalSection(SolutionProperties) = preSolution
		HideSolutionNode = FALSE
	EndGlobalSection
	GlobalSection(NestedProjects) = preSolution
		{7EE1DD5C-ECF0-4640-772B-BF72C29387CB} = {827E0CD3-B72D-47B6-A68D-7590B98EB39B}
		{B71E9553-745B-42EA-BA3E-C7FB1F9C334E} = {7EE1DD5C-ECF0-4640-772B-BF72C29387CB}
		{4E0D49EE-8124-4BF5-81CE-BB61B8D07742} = {7EE1DD5C-ECF0-4640-772B-BF72C29387CB}
		{64EF80B3-928F-5935-CE3A-DFF270301928} = {827E0CD3-B72D-47B6-A68D-7590B98EB39B}
		{B9B2C7BD-7B1A-4F63-99B8-095F67434C45} = {64EF80B3-928F-5935-CE3A-DFF270301928}
		{58C2332E-77B5-4B33-98E4-7E9A6C093D5F} = {64EF80B3-928F-5935-CE3A-DFF270301928}
		{078EBE53-9E58-2DF0-511B-443DB063A14D} = {827E0CD3-B72D-47B6-A68D-7590B98EB39B}
		{63AC6F19-756D-41F6-A583-87E5BB700FC0} = {078EBE53-9E58-2DF0-511B-443DB063A14D}
		{62CA8DE8-63C1-8D06-2F20-4CD2960AFECF} = {827E0CD3-B72D-47B6-A68D-7590B98EB39B}
	EndGlobalSection
EndGlobal
